
Microsoft Visual Studio Solution File, Format Version 12.00
# Visual Studio Version 16
VisualStudioVersion = 16.0.31112.23
MinimumVisualStudioVersion = 10.0.40219.1
Project("{FAE04EC0-301F-11D3-BF4B-00C04F79EFBC}") = "VirtualPet", "VirtualPet\VirtualPet.csproj", "{156A009A-F49D-432D-B685-CAF2EF3703B6}"
EndProject
Global
	GlobalSection(SolutionConfigurationPlatforms) = preSolution
		Debug|Any CPU = Debug|Any CPU
		Release|Any CPU = Release|Any CPU
	EndGlobalSection
	GlobalSection(ProjectConfigurationPlatforms) = postSolution
		{156A009A-F49D-432D-B685-CAF2EF3703B6}.Debug|Any CPU.ActiveCfg = Debug|Any CPU
		{156A009A-F49D-432D-B685-CAF2EF3703B6}.Debug|Any CPU.Build.0 = Debug|Any CPU
		{156A009A-F49D-432D-B685-CAF2EF3703B6}.Release|Any CPU.ActiveCfg = Release|Any CPU
		{156A009A-F49D-432D-B685-CAF2EF3703B6}.Release|Any CPU.Build.0 = Release|Any CPU
	EndGlobalSection
	GlobalSection(SolutionProperties) = preSolution
		HideSolutionNode = FALSE
	EndGlobalSection
	GlobalSection(ExtensibilityGlobals) = postSolution
		SolutionGuid = {E02B47F4-DE07-499D-851B-9A31D6A6C213}
	EndGlobalSection
EndGlobal
